
Microsoft Visual Studio Solution File, Format Version 12.00
# Visual Studio Version 17
VisualStudioVersion = 17.4.33213.308
MinimumVisualStudioVersion = 10.0.40219.1
Project("{FAE04EC0-301F-11D3-BF4B-00C04F79EFBC}") = "WasteFoodDistributionSystem", "WasteFoodDistributionSystem.csproj", "{A61036B4-24EB-4968-AE76-E3A7556F840C}"
EndProject
Global
	GlobalSection(SolutionConfigurationPlatforms) = preSolution
		Debug|Any CPU = Debug|Any CPU
		Release|Any CPU = Release|Any CPU
	EndGlobalSection
	GlobalSection(ProjectConfigurationPlatforms) = postSolution
		{A61036B4-24EB-4968-AE76-E3A7556F840C}.Debug|Any CPU.ActiveCfg = Debug|Any CPU
		{A61036B4-24EB-4968-AE76-E3A7556F840C}.Debug|Any CPU.Build.0 = Debug|Any CPU
		{A61036B4-24EB-4968-AE76-E3A7556F840C}.Release|Any CPU.ActiveCfg = Release|Any CPU
		{A61036B4-24EB-4968-AE76-E3A7556F840C}.Release|Any CPU.Build.0 = Release|Any CPU
	EndGlobalSection
	GlobalSection(SolutionProperties) = preSolution
		HideSolutionNode = FALSE
	EndGlobalSection
	GlobalSection(ExtensibilityGlobals) = postSolution
		SolutionGuid = {A52A71F5-5006-4534-98C3-D9FA8692E773}
	EndGlobalSection
EndGlobal
